// !$*UTF8*$!
{
	archiveVersion = 1;
	classes = {
	};
	objectVersion = 50;
	objects = {

/* Begin PBXBuildFile section */
		D0A5908124A2A47300359EC0 /* WWDC2020WatchComplication WatchKit App.app in Embed Watch Content */ = {isa = PBXBuildFile; fileRef = D0A5908024A2A47300359EC0 /* WWDC2020WatchComplication WatchKit App.app */; settings = {ATTRIBUTES = (RemoveHeadersOnCopy, ); }; };
		D0A5908624A2A47600359EC0 /* Assets.xcassets in Resources */ = {isa = PBXBuildFile; fileRef = D0A5908524A2A47600359EC0 /* Assets.xcassets */; };
		D0A5908D24A2A47600359EC0 /* WWDC2020WatchComplication WatchKit Extension.appex in Embed App Extensions */ = {isa = PBXBuildFile; fileRef = D0A5908C24A2A47600359EC0 /* WWDC2020WatchComplication WatchKit Extension.appex */; settings = {ATTRIBUTES = (RemoveHeadersOnCopy, ); }; };
		D0A5909224A2A47600359EC0 /* ContentView.swift in Sources */ = {isa = PBXBuildFile; fileRef = D0A5909124A2A47600359EC0 /* ContentView.swift */; };
		D0A5909424A2A47600359EC0 /* WWDC2020WatchComplicationApp.swift in Sources */ = {isa = PBXBuildFile; fileRef = D0A5909324A2A47600359EC0 /* WWDC2020WatchComplicationApp.swift */; };
		D0A5909624A2A47600359EC0 /* ComplicationController.swift in Sources */ = {isa = PBXBuildFile; fileRef = D0A5909524A2A47600359EC0 /* ComplicationController.swift */; };
		D0A5909824A2A47700359EC0 /* Assets.xcassets in Resources */ = {isa = PBXBuildFile; fileRef = D0A5909724A2A47700359EC0 /* Assets.xcassets */; };
		D0A5909B24A2A47700359EC0 /* Preview Assets.xcassets in Resources */ = {isa = PBXBuildFile; fileRef = D0A5909A24A2A47700359EC0 /* Preview Assets.xcassets */; };
/* End PBXBuildFile section */

/* Begin PBXContainerItemProxy section */
		D0A5908224A2A47300359EC0 /* PBXContainerItemProxy */ = {
			isa = PBXContainerItemProxy;
			containerPortal = D0A5907624A2A47300359EC0 /* Project object */;
			proxyType = 1;
			remoteGlobalIDString = D0A5907F24A2A47300359EC0;
			remoteInfo = "WWDC2020WatchComplication WatchKit App";
		};
		D0A5908E24A2A47600359EC0 /* PBXContainerItemProxy */ = {
			isa = PBXContainerItemProxy;
			containerPortal = D0A5907624A2A47300359EC0 /* Project object */;
			proxyType = 1;
			remoteGlobalIDString = D0A5908B24A2A47600359EC0;
			remoteInfo = "WWDC2020WatchComplication WatchKit Extension";
		};
/* End PBXContainerItemProxy section */

/* Begin PBXCopyFilesBuildPhase section */
		D0A590A224A2A47700359EC0 /* Embed App Extensions */ = {
			isa = PBXCopyFilesBuildPhase;
			buildActionMask = 2147483647;
			dstPath = "";
			dstSubfolderSpec = 13;
			files = (
				D0A5908D24A2A47600359EC0 /* WWDC2020WatchComplication WatchKit Extension.appex in Embed App Extensions */,
			);
			name = "Embed App Extensions";
			runOnlyForDeploymentPostprocessing = 0;
		};
		D0A590A624A2A47700359EC0 /* Embed Watch Content */ = {
			isa = PBXCopyFilesBuildPhase;
			buildActionMask = 2147483647;
			dstPath = "$(CONTENTS_FOLDER_PATH)/Watch";
			dstSubfolderSpec = 16;
			files = (
				D0A5908124A2A47300359EC0 /* WWDC2020WatchComplication WatchKit App.app in Embed Watch Content */,
			);
			name = "Embed Watch Content";
			runOnlyForDeploymentPostprocessing = 0;
		};
/* End PBXCopyFilesBuildPhase section */

/* Begin PBXFileReference section */
		D0A5907C24A2A47300359EC0 /* WWDC2020WatchComplication.app */ = {isa = PBXFileReference; explicitFileType = wrapper.application; includeInIndex = 0; path = WWDC2020WatchComplication.app; sourceTree = BUILT_PRODUCTS_DIR; };
		D0A5908024A2A47300359EC0 /* WWDC2020WatchComplication WatchKit App.app */ = {isa = PBXFileReference; explicitFileType = wrapper.application; includeInIndex = 0; path = "WWDC2020WatchComplication WatchKit App.app"; sourceTree = BUILT_PRODUCTS_DIR; };
		D0A5908524A2A47600359EC0 /* Assets.xcassets */ = {isa = PBXFileReference; lastKnownFileType = folder.assetcatalog; path = Assets.xcassets; sourceTree = "<group>"; };
		D0A5908724A2A47600359EC0 /* Info.plist */ = {isa = PBXFileReference; lastKnownFileType = text.plist.xml; path = Info.plist; sourceTree = "<group>"; };
		D0A5908C24A2A47600359EC0 /* WWDC2020WatchComplication WatchKit Extension.appex */ = {isa = PBXFileReference; explicitFileType = "wrapper.app-extension"; includeInIndex = 0; path = "WWDC2020WatchComplication WatchKit Extension.appex"; sourceTree = BUILT_PRODUCTS_DIR; };
		D0A5909124A2A47600359EC0 /* ContentView.swift */ = {isa = PBXFileReference; lastKnownFileType = sourcecode.swift; path = ContentView.swift; sourceTree = "<group>"; };
		D0A5909324A2A47600359EC0 /* WWDC2020WatchComplicationApp.swift */ = {isa = PBXFileReference; lastKnownFileType = sourcecode.swift; path = WWDC2020WatchComplicationApp.swift; sourceTree = "<group>"; };
		D0A5909524A2A47600359EC0 /* ComplicationController.swift */ = {isa = PBXFileReference; lastKnownFileType = sourcecode.swift; path = ComplicationController.swift; sourceTree = "<group>"; };
		D0A5909724A2A47700359EC0 /* Assets.xcassets */ = {isa = PBXFileReference; lastKnownFileType = folder.assetcatalog; path = Assets.xcassets; sourceTree = "<group>"; };
		D0A5909A24A2A47700359EC0 /* Preview Assets.xcassets */ = {isa = PBXFileReference; lastKnownFileType = folder.assetcatalog; path = "Preview Assets.xcassets"; sourceTree = "<group>"; };
		D0A5909C24A2A47700359EC0 /* Info.plist */ = {isa = PBXFileReference; lastKnownFileType = text.plist.xml; path = Info.plist; sourceTree = "<group>"; };
/* End PBXFileReference section */

/* Begin PBXFrameworksBuildPhase section */
		D0A5908924A2A47600359EC0 /* Frameworks */ = {
			isa = PBXFrameworksBuildPhase;
			buildActionMask = 2147483647;
			files = (
			);
			runOnlyForDeploymentPostprocessing = 0;
		};
/* End PBXFrameworksBuildPhase section */

/* Begin PBXGroup section */
		D0A5907524A2A47300359EC0 = {
			isa = PBXGroup;
			children = (
				D0A5908424A2A47300359EC0 /* WWDC2020WatchComplication WatchKit App */,
				D0A5909024A2A47600359EC0 /* WWDC2020WatchComplication WatchKit Extension */,
				D0A5907D24A2A47300359EC0 /* Products */,
			);
			sourceTree = "<group>";
		};
		D0A5907D24A2A47300359EC0 /* Products */ = {
			isa = PBXGroup;
			children = (
				D0A5907C24A2A47300359EC0 /* WWDC2020WatchComplication.app */,
				D0A5908024A2A47300359EC0 /* WWDC2020WatchComplication WatchKit App.app */,
				D0A5908C24A2A47600359EC0 /* WWDC2020WatchComplication WatchKit Extension.appex */,
			);
			name = Products;
			sourceTree = "<group>";
		};
		D0A5908424A2A47300359EC0 /* WWDC2020WatchComplication WatchKit App */ = {
			isa = PBXGroup;
			children = (
				D0A5908524A2A47600359EC0 /* Assets.xcassets */,
				D0A5908724A2A47600359EC0 /* Info.plist */,
			);
			path = "WWDC2020WatchComplication WatchKit App";
			sourceTree = "<group>";
		};
		D0A5909024A2A47600359EC0 /* WWDC2020WatchComplication WatchKit Extension */ = {
			isa = PBXGroup;
			children = (
				D0A5909124A2A47600359EC0 /* ContentView.swift */,
				D0A5909324A2A47600359EC0 /* WWDC2020WatchComplicationApp.swift */,
				D0A5909524A2A47600359EC0 /* ComplicationController.swift */,
				D0A5909724A2A47700359EC0 /* Assets.xcassets */,
				D0A5909C24A2A47700359EC0 /* Info.plist */,
				D0A5909924A2A47700359EC0 /* Preview Content */,
			);
			path = "WWDC2020WatchComplication WatchKit Extension";
			sourceTree = "<group>";
		};
		D0A5909924A2A47700359EC0 /* Preview Content */ = {
			isa = PBXGroup;
			children = (
				D0A5909A24A2A47700359EC0 /* Preview Assets.xcassets */,
			);
			path = "Preview Content";
			sourceTree = "<group>";
		};
/* End PBXGroup section */

/* Begin PBXNativeTarget section */
		D0A5907B24A2A47300359EC0 /* WWDC2020WatchComplication */ = {
			isa = PBXNativeTarget;
			buildConfigurationList = D0A590A724A2A47700359EC0 /* Build configuration list for PBXNativeTarget "WWDC2020WatchComplication" */;
			buildPhases = (
				D0A5907A24A2A47300359EC0 /* Resources */,
				D0A590A624A2A47700359EC0 /* Embed Watch Content */,
			);
			buildRules = (
			);
			dependencies = (
				D0A5908324A2A47300359EC0 /* PBXTargetDependency */,
			);
			name = WWDC2020WatchComplication;
			productName = WWDC2020WatchComplication;
			productReference = D0A5907C24A2A47300359EC0 /* WWDC2020WatchComplication.app */;
			productType = "com.apple.product-type.application.watchapp2-container";
		};
		D0A5907F24A2A47300359EC0 /* WWDC2020WatchComplication WatchKit App */ = {
			isa = PBXNativeTarget;
			buildConfigurationList = D0A590A324A2A47700359EC0 /* Build configuration list for PBXNativeTarget "WWDC2020WatchComplication WatchKit App" */;
			buildPhases = (
				D0A5907E24A2A47300359EC0 /* Resources */,
				D0A590A224A2A47700359EC0 /* Embed App Extensions */,
			);
			buildRules = (
			);
			dependencies = (
				D0A5908F24A2A47600359EC0 /* PBXTargetDependency */,
			);
			name = "WWDC2020WatchComplication WatchKit App";
			productName = "WWDC2020WatchComplication WatchKit App";
			productReference = D0A5908024A2A47300359EC0 /* WWDC2020WatchComplication WatchKit App.app */;
			productType = "com.apple.product-type.application.watchapp2";
		};
		D0A5908B24A2A47600359EC0 /* WWDC2020WatchComplication WatchKit Extension */ = {
			isa = PBXNativeTarget;
			buildConfigurationList = D0A5909F24A2A47700359EC0 /* Build configuration list for PBXNativeTarget "WWDC2020WatchComplication WatchKit Extension" */;
			buildPhases = (
				D0A5908824A2A47600359EC0 /* Sources */,
				D0A5908924A2A47600359EC0 /* Frameworks */,
				D0A5908A24A2A47600359EC0 /* Resources */,
			);
			buildRules = (
			);
			dependencies = (
			);
			name = "WWDC2020WatchComplication WatchKit Extension";
			productName = "WWDC2020WatchComplication WatchKit Extension";
			productReference = D0A5908C24A2A47600359EC0 /* WWDC2020WatchComplication WatchKit Extension.appex */;
			productType = "com.apple.product-type.watchkit2-extension";
		};
/* End PBXNativeTarget section */

/* Begin PBXProject section */
		D0A5907624A2A47300359EC0 /* Project object */ = {
			isa = PBXProject;
			attributes = {
				LastSwiftUpdateCheck = 1200;
				LastUpgradeCheck = 1200;
				TargetAttributes = {
					D0A5907B24A2A47300359EC0 = {
						CreatedOnToolsVersion = 12.0;
					};
					D0A5907F24A2A47300359EC0 = {
						CreatedOnToolsVersion = 12.0;
					};
					D0A5908B24A2A47600359EC0 = {
						CreatedOnToolsVersion = 12.0;
					};
				};
			};
			buildConfigurationList = D0A5907924A2A47300359EC0 /* Build configuration list for PBXProject "WWDC2020WatchComplication" */;
			compatibilityVersion = "Xcode 9.3";
			developmentRegion = en;
			hasScannedForEncodings = 0;
			knownRegions = (
				en,
				Base,
			);
			mainGroup = D0A5907524A2A47300359EC0;
			productRefGroup = D0A5907D24A2A47300359EC0 /* Products */;
			projectDirPath = "";
			projectRoot = "";
			targets = (
				D0A5907B24A2A47300359EC0 /* WWDC2020WatchComplication */,
				D0A5907F24A2A47300359EC0 /* WWDC2020WatchComplication WatchKit App */,
				D0A5908B24A2A47600359EC0 /* WWDC2020WatchComplication WatchKit Extension */,
			);
		};
/* End PBXProject section */

/* Begin PBXResourcesBuildPhase section */
		D0A5907A24A2A47300359EC0 /* Resources */ = {
			isa = PBXResourcesBuildPhase;
			buildActionMask = 2147483647;
			files = (
			);
			runOnlyForDeploymentPostprocessing = 0;
		};
		D0A5907E24A2A47300359EC0 /* Resources */ = {
			isa = PBXResourcesBuildPhase;
			buildActionMask = 2147483647;
			files = (
				D0A5908624A2A47600359EC0 /* Assets.xcassets in Resources */,
			);
			runOnlyForDeploymentPostprocessing = 0;
		};
		D0A5908A24A2A47600359EC0 /* Resources */ = {
			isa = PBXResourcesBuildPhase;
			buildActionMask = 2147483647;
			files = (
				D0A5909B24A2A47700359EC0 /* Preview Assets.xcassets in Resources */,
				D0A5909824A2A47700359EC0 /* Assets.xcassets in Resources */,
			);
			runOnlyForDeploymentPostprocessing = 0;
		};
/* End PBXResourcesBuildPhase section */

/* Begin PBXSourcesBuildPhase section */
		D0A5908824A2A47600359EC0 /* Sources */ = {
			isa = PBXSourcesBuildPhase;
			buildActionMask = 2147483647;
			files = (
				D0A5909424A2A47600359EC0 /* WWDC2020WatchComplicationApp.swift in Sources */,
				D0A5909224A2A47600359EC0 /* ContentView.swift in Sources */,
				D0A5909624A2A47600359EC0 /* ComplicationController.swift in Sources */,
			);
			runOnlyForDeploymentPostprocessing = 0;
		};
/* End PBXSourcesBuildPhase section */

/* Begin PBXTargetDependency section */
		D0A5908324A2A47300359EC0 /* PBXTargetDependency */ = {
			isa = PBXTargetDependency;
			target = D0A5907F24A2A47300359EC0 /* WWDC2020WatchComplication WatchKit App */;
			targetProxy = D0A5908224A2A47300359EC0 /* PBXContainerItemProxy */;
		};
		D0A5908F24A2A47600359EC0 /* PBXTargetDependency */ = {
			isa = PBXTargetDependency;
			target = D0A5908B24A2A47600359EC0 /* WWDC2020WatchComplication WatchKit Extension */;
			targetProxy = D0A5908E24A2A47600359EC0 /* PBXContainerItemProxy */;
		};
/* End PBXTargetDependency section */

/* Begin XCBuildConfiguration section */
		D0A5909D24A2A47700359EC0 /* Debug */ = {
			isa = XCBuildConfiguration;
			buildSettings = {
				ALWAYS_SEARCH_USER_PATHS = NO;
				CLANG_ANALYZER_NONNULL = YES;
				CLANG_ANALYZER_NUMBER_OBJECT_CONVERSION = YES_AGGRESSIVE;
				CLANG_CXX_LANGUAGE_STANDARD = "gnu++14";
				CLANG_CXX_LIBRARY = "libc++";
				CLANG_ENABLE_MODULES = YES;
				CLANG_ENABLE_OBJC_ARC = YES;
				CLANG_ENABLE_OBJC_WEAK = YES;
				CLANG_WARN_BLOCK_CAPTURE_AUTORELEASING = YES;
				CLANG_WARN_BOOL_CONVERSION = YES;
				CLANG_WARN_COMMA = YES;
				CLANG_WARN_CONSTANT_CONVERSION = YES;
				CLANG_WARN_DEPRECATED_OBJC_IMPLEMENTATIONS = YES;
				CLANG_WARN_DIRECT_OBJC_ISA_USAGE = YES_ERROR;
				CLANG_WARN_DOCUMENTATION_COMMENTS = YES;
				CLANG_WARN_EMPTY_BODY = YES;
				CLANG_WARN_ENUM_CONVERSION = YES;
				CLANG_WARN_INFINITE_RECURSION = YES;
				CLANG_WARN_INT_CONVERSION = YES;
				CLANG_WARN_NON_LITERAL_NULL_CONVERSION = YES;
				CLANG_WARN_OBJC_IMPLICIT_RETAIN_SELF = YES;
				CLANG_WARN_OBJC_LITERAL_CONVERSION = YES;
				CLANG_WARN_OBJC_ROOT_CLASS = YES_ERROR;
				CLANG_WARN_QUOTED_INCLUDE_IN_FRAMEWORK_HEADER = YES;
				CLANG_WARN_RANGE_LOOP_ANALYSIS = YES;
				CLANG_WARN_STRICT_PROTOTYPES = YES;
				CLANG_WARN_SUSPICIOUS_MOVE = YES;
				CLANG_WARN_UNGUARDED_AVAILABILITY = YES_AGGRESSIVE;
				CLANG_WARN_UNREACHABLE_CODE = YES;
				CLANG_WARN__DUPLICATE_METHOD_MATCH = YES;
				COPY_PHASE_STRIP = NO;
				DEBUG_INFORMATION_FORMAT = dwarf;
				ENABLE_STRICT_OBJC_MSGSEND = YES;
				ENABLE_TESTABILITY = YES;
				GCC_C_LANGUAGE_STANDARD = gnu11;
				GCC_DYNAMIC_NO_PIC = NO;
				GCC_NO_COMMON_BLOCKS = YES;
				GCC_OPTIMIZATION_LEVEL = 0;
				GCC_PREPROCESSOR_DEFINITIONS = (
					"DEBUG=1",
					"$(inherited)",
				);
				GCC_WARN_64_TO_32_BIT_CONVERSION = YES;
				GCC_WARN_ABOUT_RETURN_TYPE = YES_ERROR;
				GCC_WARN_UNDECLARED_SELECTOR = YES;
				GCC_WARN_UNINITIALIZED_AUTOS = YES_AGGRESSIVE;
				GCC_WARN_UNUSED_FUNCTION = YES;
				GCC_WARN_UNUSED_VARIABLE = YES;
				MTL_ENABLE_DEBUG_INFO = INCLUDE_SOURCE;
				MTL_FAST_MATH = YES;
				ONLY_ACTIVE_ARCH = YES;
				SDKROOT = iphoneos;
				SWIFT_ACTIVE_COMPILATION_CONDITIONS = DEBUG;
				SWIFT_OPTIMIZATION_LEVEL = "-Onone";
			};
			name = Debug;
		};
		D0A5909E24A2A47700359EC0 /* Release */ = {
			isa = XCBuildConfiguration;
			buildSettings = {
				ALWAYS_SEARCH_USER_PATHS = NO;
				CLANG_ANALYZER_NONNULL = YES;
				CLANG_ANALYZER_NUMBER_OBJECT_CONVERSION = YES_AGGRESSIVE;
				CLANG_CXX_LANGUAGE_STANDARD = "gnu++14";
				CLANG_CXX_LIBRARY = "libc++";
				CLANG_ENABLE_MODULES = YES;
				CLANG_ENABLE_OBJC_ARC = YES;
				CLANG_ENABLE_OBJC_WEAK = YES;
				CLANG_WARN_BLOCK_CAPTURE_AUTORELEASING = YES;
				CLANG_WARN_BOOL_CONVERSION = YES;
				CLANG_WARN_COMMA = YES;
				CLANG_WARN_CONSTANT_CONVERSION = YES;
				CLANG_WARN_DEPRECATED_OBJC_IMPLEMENTATIONS = YES;
				CLANG_WARN_DIRECT_OBJC_ISA_USAGE = YES_ERROR;
				CLANG_WARN_DOCUMENTATION_COMMENTS = YES;
				CLANG_WARN_EMPTY_BODY = YES;
				CLANG_WARN_ENUM_CONVERSION = YES;
				CLANG_WARN_INFINITE_RECURSION = YES;
				CLANG_WARN_INT_CONVERSION = YES;
				CLANG_WARN_NON_LITERAL_NULL_CONVERSION = YES;
				CLANG_WARN_OBJC_IMPLICIT_RETAIN_SELF = YES;
				CLANG_WARN_OBJC_LITERAL_CONVERSION = YES;
				CLANG_WARN_OBJC_ROOT_CLASS = YES_ERROR;
				CLANG_WARN_QUOTED_INCLUDE_IN_FRAMEWORK_HEADER = YES;
				CLANG_WARN_RANGE_LOOP_ANALYSIS = YES;
				CLANG_WARN_STRICT_PROTOTYPES = YES;
				CLANG_WARN_SUSPICIOUS_MOVE = YES;
				CLANG_WARN_UNGUARDED_AVAILABILITY = YES_AGGRESSIVE;
				CLANG_WARN_UNREACHABLE_CODE = YES;
				CLANG_WARN__DUPLICATE_METHOD_MATCH = YES;
				COPY_PHASE_STRIP = NO;
				DEBUG_INFORMATION_FORMAT = "dwarf-with-dsym";
				ENABLE_NS_ASSERTIONS = NO;
				ENABLE_STRICT_OBJC_MSGSEND = YES;
				GCC_C_LANGUAGE_STANDARD = gnu11;
				GCC_NO_COMMON_BLOCKS = YES;
				GCC_WARN_64_TO_32_BIT_CONVERSION = YES;
				GCC_WARN_ABOUT_RETURN_TYPE = YES_ERROR;
				GCC_WARN_UNDECLARED_SELECTOR = YES;
				GCC_WARN_UNINITIALIZED_AUTOS = YES_AGGRESSIVE;
				GCC_WARN_UNUSED_FUNCTION = YES;
				GCC_WARN_UNUSED_VARIABLE = YES;
				MTL_ENABLE_DEBUG_INFO = NO;
				MTL_FAST_MATH = YES;
				SDKROOT = iphoneos;
				SWIFT_COMPILATION_MODE = wholemodule;
				SWIFT_OPTIMIZATION_LEVEL = "-O";
				VALIDATE_PRODUCT = YES;
			};
			name = Release;
		};
		D0A590A024A2A47700359EC0 /* Debug */ = {
			isa = XCBuildConfiguration;
			buildSettings = {
				ASSETCATALOG_COMPILER_COMPLICATION_NAME = Complication;
				CODE_SIGN_STYLE = Automatic;
				DEVELOPMENT_ASSET_PATHS = "\"WWDC2020WatchComplication WatchKit Extension/Preview Content\"";
				DEVELOPMENT_TEAM = W36U4H7KU3;
				ENABLE_PREVIEWS = YES;
				INFOPLIST_FILE = "WWDC2020WatchComplication WatchKit Extension/Info.plist";
				LD_RUNPATH_SEARCH_PATHS = (
					"$(inherited)",
					"@executable_path/Frameworks",
					"@executable_path/../../Frameworks",
				);
				PRODUCT_BUNDLE_IDENTIFIER = sebbo176.WWDC2020WatchComplication.watchkitapp.watchkitextension;
				PRODUCT_NAME = "${TARGET_NAME}";
				SDKROOT = watchos;
				SKIP_INSTALL = YES;
				SWIFT_VERSION = 5.0;
				TARGETED_DEVICE_FAMILY = 4;
				WATCHOS_DEPLOYMENT_TARGET = 7.0;
			};
			name = Debug;
		};
		D0A590A124A2A47700359EC0 /* Release */ = {
			isa = XCBuildConfiguration;
			buildSettings = {
				ASSETCATALOG_COMPILER_COMPLICATION_NAME = Complication;
				CODE_SIGN_STYLE = Automatic;
				DEVELOPMENT_ASSET_PATHS = "\"WWDC2020WatchComplication WatchKit Extension/Preview Content\"";
				DEVELOPMENT_TEAM = W36U4H7KU3;
				ENABLE_PREVIEWS = YES;
				INFOPLIST_FILE = "WWDC2020WatchComplication WatchKit Extension/Info.plist";
				LD_RUNPATH_SEARCH_PATHS = (
					"$(inherited)",
					"@executable_path/Frameworks",
					"@executable_path/../../Frameworks",
				);
				PRODUCT_BUNDLE_IDENTIFIER = sebbo176.WWDC2020WatchComplication.watchkitapp.watchkitextension;
				PRODUCT_NAME = "${TARGET_NAME}";
				SDKROOT = watchos;
				SKIP_INSTALL = YES;
				SWIFT_VERSION = 5.0;
				TARGETED_DEVICE_FAMILY = 4;
				WATCHOS_DEPLOYMENT_TARGET = 7.0;
			};
			name = Release;
		};
		D0A590A424A2A47700359EC0 /* Debug */ = {
			isa = XCBuildConfiguration;
			buildSettings = {
				ALWAYS_EMBED_SWIFT_STANDARD_LIBRARIES = YES;
				ASSETCATALOG_COMPILER_APPICON_NAME = AppIcon;
				ASSETCATALOG_COMPILER_GLOBAL_ACCENT_COLOR_NAME = AccentColor;
				CODE_SIGN_STYLE = Automatic;
				DEVELOPMENT_TEAM = W36U4H7KU3;
				IBSC_MODULE = WWDC2020WatchComplication_WatchKit_Extension;
				INFOPLIST_FILE = "WWDC2020WatchComplication WatchKit App/Info.plist";
				PRODUCT_BUNDLE_IDENTIFIER = sebbo176.WWDC2020WatchComplication.watchkitapp;
				PRODUCT_NAME = "$(TARGET_NAME)";
				SDKROOT = watchos;
				SKIP_INSTALL = YES;
				SWIFT_VERSION = 5.0;
				TARGETED_DEVICE_FAMILY = 4;
				WATCHOS_DEPLOYMENT_TARGET = 7.0;
			};
			name = Debug;
		};
		D0A590A524A2A47700359EC0 /* Release */ = {
			isa = XCBuildConfiguration;
			buildSettings = {
				ALWAYS_EMBED_SWIFT_STANDARD_LIBRARIES = YES;
				ASSETCATALOG_COMPILER_APPICON_NAME = AppIcon;
				ASSETCATALOG_COMPILER_GLOBAL_ACCENT_COLOR_NAME = AccentColor;
				CODE_SIGN_STYLE = Automatic;
				DEVELOPMENT_TEAM = W36U4H7KU3;
				IBSC_MODULE = WWDC2020WatchComplication_WatchKit_Extension;
				INFOPLIST_FILE = "WWDC2020WatchComplication WatchKit App/Info.plist";
				PRODUCT_BUNDLE_IDENTIFIER = sebbo176.WWDC2020WatchComplication.watchkitapp;
				PRODUCT_NAME = "$(TARGET_NAME)";
				SDKROOT = watchos;
				SKIP_INSTALL = YES;
				SWIFT_VERSION = 5.0;
				TARGETED_DEVICE_FAMILY = 4;
				WATCHOS_DEPLOYMENT_TARGET = 7.0;
			};
			name = Release;
		};
		D0A590A824A2A47700359EC0 /* Debug */ = {
			isa = XCBuildConfiguration;
			buildSettings = {
				ASSETCATALOG_COMPILER_GLOBAL_ACCENT_COLOR_NAME = AccentColor;
				CODE_SIGN_STYLE = Automatic;
				CURRENT_PROJECT_VERSION = 1;
				DEVELOPMENT_TEAM = W36U4H7KU3;
				MARKETING_VERSION = 1.0;
				PRODUCT_BUNDLE_IDENTIFIER = sebbo176.WWDC2020WatchComplication;
				PRODUCT_NAME = "$(TARGET_NAME)";
				SWIFT_VERSION = 5.0;
			};
			name = Debug;
		};
		D0A590A924A2A47700359EC0 /* Release */ = {
			isa = XCBuildConfiguration;
			buildSettings = {
				ASSETCATALOG_COMPILER_GLOBAL_ACCENT_COLOR_NAME = AccentColor;
				CODE_SIGN_STYLE = Automatic;
				CURRENT_PROJECT_VERSION = 1;
				DEVELOPMENT_TEAM = W36U4H7KU3;
				MARKETING_VERSION = 1.0;
				PRODUCT_BUNDLE_IDENTIFIER = sebbo176.WWDC2020WatchComplication;
				PRODUCT_NAME = "$(TARGET_NAME)";
				SWIFT_VERSION = 5.0;
			};
			name = Release;
		};
/* End XCBuildConfiguration section */

/* Begin XCConfigurationList section */
		D0A5907924A2A47300359EC0 /* Build configuration list for PBXProject "WWDC2020WatchComplication" */ = {
			isa = XCConfigurationList;
			buildConfigurations = (
				D0A5909D24A2A47700359EC0 /* Debug */,
				D0A5909E24A2A47700359EC0 /* Release */,
			);
			defaultConfigurationIsVisible = 0;
			defaultConfigurationName = Release;
		};
		D0A5909F24A2A47700359EC0 /* Build configuration list for PBXNativeTarget "WWDC2020WatchComplication WatchKit Extension" */ = {
			isa = XCConfigurationList;
			buildConfigurations = (
				D0A590A024A2A47700359EC0 /* Debug */,
				D0A590A124A2A47700359EC0 /* Release */,
			);
			defaultConfigurationIsVisible = 0;
			defaultConfigurationName = Release;
		};
		D0A590A324A2A47700359EC0 /* Build configuration list for PBXNativeTarget "WWDC2020WatchComplication WatchKit App" */ = {
			isa = XCConfigurationList;
			buildConfigurations = (
				D0A590A424A2A47700359EC0 /* Debug */,
				D0A590A524A2A47700359EC0 /* Release */,
			);
			defaultConfigurationIsVisible = 0;
			defaultConfigurationName = Release;
		};
		D0A590A724A2A47700359EC0 /* Build configuration list for PBXNativeTarget "WWDC2020WatchComplication" */ = {
			isa = XCConfigurationList;
			buildConfigurations = (
				D0A590A824A2A47700359EC0 /* Debug */,
				D0A590A924A2A47700359EC0 /* Release */,
			);
			defaultConfigurationIsVisible = 0;
			defaultConfigurationName = Release;
		};
/* End XCConfigurationList section */
	};
	rootObject = D0A5907624A2A47300359EC0 /* Project object */;
}
